{
  "name": "yew-warp-render",
  "version": "0.1.0",
  "lockfileVersion": 1,
  "requires": true,
  "dependencies": {
    "yew-styles": {
      "version": "0.4.0",
      "resolved": "https://registry.npmjs.org/yew-styles/-/yew-styles-0.4.0.tgz",
      "integrity": "sha512-kTaf0+9+BtQCil6KKMraqMtLxXcb5ZxpKBodXjm2YiSfOJ8DYgosz7MEdog7clThxwfBJmlwaO0e9Pl7pOUZvA=="
    }
  }
}
